// !$*UTF8*$!
{
	archiveVersion = 1;
	classes = {
	};
	objectVersion = 55;
	objects = {

/* Begin PBXBuildFile section */
		88271DB9277BBA2D00B8D47E /* CollectionTitle.swift in Sources */ = {isa = PBXBuildFile; fileRef = 88271DB8277BBA2D00B8D47E /* CollectionTitle.swift */; };
		88271DBB277BBC0C00B8D47E /* Collections.swift in Sources */ = {isa = PBXBuildFile; fileRef = 88271DBA277BBC0B00B8D47E /* Collections.swift */; };
		88271DBD277C4EFD00B8D47E /* HomeContainer.swift in Sources */ = {isa = PBXBuildFile; fileRef = 88271DBC277C4EFC00B8D47E /* HomeContainer.swift */; };
		88271DBF277C5CC000B8D47E /* TabContent.swift in Sources */ = {isa = PBXBuildFile; fileRef = 88271DBE277C5CBF00B8D47E /* TabContent.swift */; };
		88271DC1277C649100B8D47E /* Icons.swift in Sources */ = {isa = PBXBuildFile; fileRef = 88271DC0277C649100B8D47E /* Icons.swift */; };
		88271DC3277D147B00B8D47E /* HomeActionButton.swift in Sources */ = {isa = PBXBuildFile; fileRef = 88271DC2277D147B00B8D47E /* HomeActionButton.swift */; };
		888FA6B7276BF4C7003CCABF /* LoginScreen.swift in Sources */ = {isa = PBXBuildFile; fileRef = 888FA6B6276BF4C7003CCABF /* LoginScreen.swift */; };
		888FA6B9276BF5DE003CCABF /* FillMaxHeight.swift in Sources */ = {isa = PBXBuildFile; fileRef = 888FA6B8276BF5DE003CCABF /* FillMaxHeight.swift */; };
		88A2965B276D374300343731 /* CornerRadius.swift in Sources */ = {isa = PBXBuildFile; fileRef = 88A2965A276D374100343731 /* CornerRadius.swift */; };
		88A2965D276D41B600343731 /* MySootheTextField.swift in Sources */ = {isa = PBXBuildFile; fileRef = 88A2965C276D41B600343731 /* MySootheTextField.swift */; };
		88A2965F276D4AE100343731 /* CenterCropped.swift in Sources */ = {isa = PBXBuildFile; fileRef = 88A2965E276D4AE100343731 /* CenterCropped.swift */; };
		88A29661276E8FEA00343731 /* HomeScreen.swift in Sources */ = {isa = PBXBuildFile; fileRef = 88A29660276E8FEA00343731 /* HomeScreen.swift */; };
		88DA073927748D50002204C6 /* Collection.swift in Sources */ = {isa = PBXBuildFile; fileRef = 88DA073827748D50002204C6 /* Collection.swift */; };
		88DA073B27748D91002204C6 /* Repository.swift in Sources */ = {isa = PBXBuildFile; fileRef = 88DA073A27748D91002204C6 /* Repository.swift */; };
		88E311B52779DB550037A96C /* FavoriteCollectionItem.swift in Sources */ = {isa = PBXBuildFile; fileRef = 88E311B42779DB540037A96C /* FavoriteCollectionItem.swift */; };
		88E311B72779E3560037A96C /* CollectionItem.swift in Sources */ = {isa = PBXBuildFile; fileRef = 88E311B62779E3560037A96C /* CollectionItem.swift */; };
		88E311BB277B42600037A96C /* FavoriteCollections.swift in Sources */ = {isa = PBXBuildFile; fileRef = 88E311BA277B42600037A96C /* FavoriteCollections.swift */; };
		88EA643F2783ACB400DF1A4F /* NavigationView.swift in Sources */ = {isa = PBXBuildFile; fileRef = 88EA643E2783ACB300DF1A4F /* NavigationView.swift */; };
		88EA64412783ACFC00DF1A4F /* Navigation.swift in Sources */ = {isa = PBXBuildFile; fileRef = 88EA64402783ACFC00DF1A4F /* Navigation.swift */; };
		88F01BB12774A148007F47EB /* URLImage.swift in Sources */ = {isa = PBXBuildFile; fileRef = 88F01BB02774A148007F47EB /* URLImage.swift */; };
		88FA8021276A13C8002EC660 /* MySootheApp.swift in Sources */ = {isa = PBXBuildFile; fileRef = 88FA8020276A13C8002EC660 /* MySootheApp.swift */; };
		88FA8025276A13CA002EC660 /* Assets.xcassets in Resources */ = {isa = PBXBuildFile; fileRef = 88FA8024276A13CA002EC660 /* Assets.xcassets */; };
		88FA8028276A13CA002EC660 /* Preview Assets.xcassets in Resources */ = {isa = PBXBuildFile; fileRef = 88FA8027276A13CA002EC660 /* Preview Assets.xcassets */; };
		88FA8033276A1568002EC660 /* Colors.swift in Sources */ = {isa = PBXBuildFile; fileRef = 88FA8032276A1568002EC660 /* Colors.swift */; };
		88FA8035276A157C002EC660 /* Theme.swift in Sources */ = {isa = PBXBuildFile; fileRef = 88FA8034276A157C002EC660 /* Theme.swift */; };
		88FA8037276A15A1002EC660 /* Fonts.swift in Sources */ = {isa = PBXBuildFile; fileRef = 88FA8036276A15A1002EC660 /* Fonts.swift */; };
		88FA803E276A15FE002EC660 /* LatoBold.ttf in Resources */ = {isa = PBXBuildFile; fileRef = 88FA803A276A15FE002EC660 /* LatoBold.ttf */; };
		88FA803F276A15FE002EC660 /* KulimParkRegular.ttf in Resources */ = {isa = PBXBuildFile; fileRef = 88FA803B276A15FE002EC660 /* KulimParkRegular.ttf */; };
		88FA8040276A15FE002EC660 /* LatoRegular.ttf in Resources */ = {isa = PBXBuildFile; fileRef = 88FA803C276A15FE002EC660 /* LatoRegular.ttf */; };
		88FA8041276A15FE002EC660 /* KulimParkLight.ttf in Resources */ = {isa = PBXBuildFile; fileRef = 88FA803D276A15FE002EC660 /* KulimParkLight.ttf */; };
		88FA8047276A1711002EC660 /* MySootheContainer.swift in Sources */ = {isa = PBXBuildFile; fileRef = 88FA8046276A1711002EC660 /* MySootheContainer.swift */; };
		88FA8049276A175F002EC660 /* FillMaxSize.swift in Sources */ = {isa = PBXBuildFile; fileRef = 88FA8048276A175F002EC660 /* FillMaxSize.swift */; };
		88FA804B276A989E002EC660 /* WelcomeScreen.swift in Sources */ = {isa = PBXBuildFile; fileRef = 88FA804A276A989E002EC660 /* WelcomeScreen.swift */; };
		88FA804D276A991F002EC660 /* MySootheButton.swift in Sources */ = {isa = PBXBuildFile; fileRef = 88FA804C276A991F002EC660 /* MySootheButton.swift */; };
		88FA804F276A99A1002EC660 /* FillMaxWidth.swift in Sources */ = {isa = PBXBuildFile; fileRef = 88FA804E276A99A1002EC660 /* FillMaxWidth.swift */; };
		88FA8051276A99D6002EC660 /* Res.swift in Sources */ = {isa = PBXBuildFile; fileRef = 88FA8050276A99D6002EC660 /* Res.swift */; };
		88FA8053276A99F4002EC660 /* Images.swift in Sources */ = {isa = PBXBuildFile; fileRef = 88FA8052276A99F4002EC660 /* Images.swift */; };
		88FA8056276A9A31002EC660 /* Strings.swift in Sources */ = {isa = PBXBuildFile; fileRef = 88FA8055276A9A31002EC660 /* Strings.swift */; };
		88FA8059276A9A92002EC660 /* Localizable.strings in Resources */ = {isa = PBXBuildFile; fileRef = 88FA805B276A9A92002EC660 /* Localizable.strings */; };
/* End PBXBuildFile section */

/* Begin PBXFileReference section */
		88271DB8277BBA2D00B8D47E /* CollectionTitle.swift */ = {isa = PBXFileReference; lastKnownFileType = sourcecode.swift; path = CollectionTitle.swift; sourceTree = "<group>"; };
		88271DBA277BBC0B00B8D47E /* Collections.swift */ = {isa = PBXFileReference; lastKnownFileType = sourcecode.swift; path = Collections.swift; sourceTree = "<group>"; };
		88271DBC277C4EFC00B8D47E /* HomeContainer.swift */ = {isa = PBXFileReference; lastKnownFileType = sourcecode.swift; path = HomeContainer.swift; sourceTree = "<group>"; };
		88271DBE277C5CBF00B8D47E /* TabContent.swift */ = {isa = PBXFileReference; lastKnownFileType = sourcecode.swift; path = TabContent.swift; sourceTree = "<group>"; };
		88271DC0277C649100B8D47E /* Icons.swift */ = {isa = PBXFileReference; lastKnownFileType = sourcecode.swift; path = Icons.swift; sourceTree = "<group>"; };
		88271DC2277D147B00B8D47E /* HomeActionButton.swift */ = {isa = PBXFileReference; lastKnownFileType = sourcecode.swift; path = HomeActionButton.swift; sourceTree = "<group>"; };
		888FA6B6276BF4C7003CCABF /* LoginScreen.swift */ = {isa = PBXFileReference; lastKnownFileType = sourcecode.swift; path = LoginScreen.swift; sourceTree = "<group>"; };
		888FA6B8276BF5DE003CCABF /* FillMaxHeight.swift */ = {isa = PBXFileReference; lastKnownFileType = sourcecode.swift; path = FillMaxHeight.swift; sourceTree = "<group>"; };
		88A2965A276D374100343731 /* CornerRadius.swift */ = {isa = PBXFileReference; lastKnownFileType = sourcecode.swift; path = CornerRadius.swift; sourceTree = "<group>"; };
		88A2965C276D41B600343731 /* MySootheTextField.swift */ = {isa = PBXFileReference; lastKnownFileType = sourcecode.swift; path = MySootheTextField.swift; sourceTree = "<group>"; };
		88A2965E276D4AE100343731 /* CenterCropped.swift */ = {isa = PBXFileReference; lastKnownFileType = sourcecode.swift; path = CenterCropped.swift; sourceTree = "<group>"; };
		88A29660276E8FEA00343731 /* HomeScreen.swift */ = {isa = PBXFileReference; lastKnownFileType = sourcecode.swift; path = HomeScreen.swift; sourceTree = "<group>"; };
		88DA073827748D50002204C6 /* Collection.swift */ = {isa = PBXFileReference; lastKnownFileType = sourcecode.swift; path = Collection.swift; sourceTree = "<group>"; };
		88DA073A27748D91002204C6 /* Repository.swift */ = {isa = PBXFileReference; lastKnownFileType = sourcecode.swift; path = Repository.swift; sourceTree = "<group>"; };
		88E311B42779DB540037A96C /* FavoriteCollectionItem.swift */ = {isa = PBXFileReference; lastKnownFileType = sourcecode.swift; path = FavoriteCollectionItem.swift; sourceTree = "<group>"; };
		88E311B62779E3560037A96C /* CollectionItem.swift */ = {isa = PBXFileReference; lastKnownFileType = sourcecode.swift; path = CollectionItem.swift; sourceTree = "<group>"; };
		88E311BA277B42600037A96C /* FavoriteCollections.swift */ = {isa = PBXFileReference; lastKnownFileType = sourcecode.swift; path = FavoriteCollections.swift; sourceTree = "<group>"; };
		88EA643E2783ACB300DF1A4F /* NavigationView.swift */ = {isa = PBXFileReference; lastKnownFileType = sourcecode.swift; path = NavigationView.swift; sourceTree = "<group>"; };
		88EA64402783ACFC00DF1A4F /* Navigation.swift */ = {isa = PBXFileReference; lastKnownFileType = sourcecode.swift; path = Navigation.swift; sourceTree = "<group>"; };
		88F01BB02774A148007F47EB /* URLImage.swift */ = {isa = PBXFileReference; lastKnownFileType = sourcecode.swift; path = URLImage.swift; sourceTree = "<group>"; };
		88FA801D276A13C8002EC660 /* My Soothe.app */ = {isa = PBXFileReference; explicitFileType = wrapper.application; includeInIndex = 0; path = "My Soothe.app"; sourceTree = BUILT_PRODUCTS_DIR; };
		88FA8020276A13C8002EC660 /* MySootheApp.swift */ = {isa = PBXFileReference; lastKnownFileType = sourcecode.swift; path = MySootheApp.swift; sourceTree = "<group>"; };
		88FA8024276A13CA002EC660 /* Assets.xcassets */ = {isa = PBXFileReference; lastKnownFileType = folder.assetcatalog; path = Assets.xcassets; sourceTree = "<group>"; };
		88FA8027276A13CA002EC660 /* Preview Assets.xcassets */ = {isa = PBXFileReference; lastKnownFileType = folder.assetcatalog; path = "Preview Assets.xcassets"; sourceTree = "<group>"; };
		88FA8032276A1568002EC660 /* Colors.swift */ = {isa = PBXFileReference; lastKnownFileType = sourcecode.swift; path = Colors.swift; sourceTree = "<group>"; };
		88FA8034276A157C002EC660 /* Theme.swift */ = {isa = PBXFileReference; lastKnownFileType = sourcecode.swift; path = Theme.swift; sourceTree = "<group>"; };
		88FA8036276A15A1002EC660 /* Fonts.swift */ = {isa = PBXFileReference; lastKnownFileType = sourcecode.swift; path = Fonts.swift; sourceTree = "<group>"; };
		88FA803A276A15FE002EC660 /* LatoBold.ttf */ = {isa = PBXFileReference; lastKnownFileType = file; path = LatoBold.ttf; sourceTree = "<group>"; };
		88FA803B276A15FE002EC660 /* KulimParkRegular.ttf */ = {isa = PBXFileReference; lastKnownFileType = file; path = KulimParkRegular.ttf; sourceTree = "<group>"; };
		88FA803C276A15FE002EC660 /* LatoRegular.ttf */ = {isa = PBXFileReference; lastKnownFileType = file; path = LatoRegular.ttf; sourceTree = "<group>"; };
		88FA803D276A15FE002EC660 /* KulimParkLight.ttf */ = {isa = PBXFileReference; lastKnownFileType = file; path = KulimParkLight.ttf; sourceTree = "<group>"; };
		88FA8042276A1657002EC660 /* Info.plist */ = {isa = PBXFileReference; lastKnownFileType = text.plist; path = Info.plist; sourceTree = "<group>"; };
		88FA8046276A1711002EC660 /* MySootheContainer.swift */ = {isa = PBXFileReference; lastKnownFileType = sourcecode.swift; path = MySootheContainer.swift; sourceTree = "<group>"; };
		88FA8048276A175F002EC660 /* FillMaxSize.swift */ = {isa = PBXFileReference; lastKnownFileType = sourcecode.swift; path = FillMaxSize.swift; sourceTree = "<group>"; };
		88FA804A276A989E002EC660 /* WelcomeScreen.swift */ = {isa = PBXFileReference; lastKnownFileType = sourcecode.swift; path = WelcomeScreen.swift; sourceTree = "<group>"; };
		88FA804C276A991F002EC660 /* MySootheButton.swift */ = {isa = PBXFileReference; lastKnownFileType = sourcecode.swift; path = MySootheButton.swift; sourceTree = "<group>"; };
		88FA804E276A99A1002EC660 /* FillMaxWidth.swift */ = {isa = PBXFileReference; lastKnownFileType = sourcecode.swift; path = FillMaxWidth.swift; sourceTree = "<group>"; };
		88FA8050276A99D6002EC660 /* Res.swift */ = {isa = PBXFileReference; lastKnownFileType = sourcecode.swift; path = Res.swift; sourceTree = "<group>"; };
		88FA8052276A99F4002EC660 /* Images.swift */ = {isa = PBXFileReference; lastKnownFileType = sourcecode.swift; path = Images.swift; sourceTree = "<group>"; };
		88FA8055276A9A31002EC660 /* Strings.swift */ = {isa = PBXFileReference; lastKnownFileType = sourcecode.swift; path = Strings.swift; sourceTree = "<group>"; };
		88FA805A276A9A92002EC660 /* en */ = {isa = PBXFileReference; lastKnownFileType = text.plist.strings; name = en; path = en.lproj/Localizable.strings; sourceTree = "<group>"; };
/* End PBXFileReference section */

/* Begin PBXFrameworksBuildPhase section */
		88FA801A276A13C8002EC660 /* Frameworks */ = {
			isa = PBXFrameworksBuildPhase;
			buildActionMask = 2147483647;
			files = (
			);
			runOnlyForDeploymentPostprocessing = 0;
		};
/* End PBXFrameworksBuildPhase section */

/* Begin PBXGroup section */
		88271DC4277DAC1100B8D47E /* Model */ = {
			isa = PBXGroup;
			children = (
				88271DBE277C5CBF00B8D47E /* TabContent.swift */,
			);
			path = Model;
			sourceTree = "<group>";
		};
		889759C3277DB5A0003587B2 /* Navigation */ = {
			isa = PBXGroup;
			children = (
				88EA643E2783ACB300DF1A4F /* NavigationView.swift */,
				88EA64402783ACFC00DF1A4F /* Navigation.swift */,
			);
			path = Navigation;
			sourceTree = "<group>";
		};
		88DA073627748C9C002204C6 /* Data */ = {
			isa = PBXGroup;
			children = (
				88DA073727748CA3002204C6 /* Model */,
				88DA073A27748D91002204C6 /* Repository.swift */,
			);
			path = Data;
			sourceTree = "<group>";
		};
		88DA073727748CA3002204C6 /* Model */ = {
			isa = PBXGroup;
			children = (
				88DA073827748D50002204C6 /* Collection.swift */,
			);
			path = Model;
			sourceTree = "<group>";
		};
		88E311B8277B413A0037A96C /* Home */ = {
			isa = PBXGroup;
			children = (
				88271DC4277DAC1100B8D47E /* Model */,
				88E311B9277B41490037A96C /* Components */,
				88A29660276E8FEA00343731 /* HomeScreen.swift */,
				88271DBC277C4EFC00B8D47E /* HomeContainer.swift */,
			);
			path = Home;
			sourceTree = "<group>";
		};
		88E311B9277B41490037A96C /* Components */ = {
			isa = PBXGroup;
			children = (
				88E311B42779DB540037A96C /* FavoriteCollectionItem.swift */,
				88E311BA277B42600037A96C /* FavoriteCollections.swift */,
				88E311B62779E3560037A96C /* CollectionItem.swift */,
				88271DBA277BBC0B00B8D47E /* Collections.swift */,
				88271DB8277BBA2D00B8D47E /* CollectionTitle.swift */,
				88271DC2277D147B00B8D47E /* HomeActionButton.swift */,
			);
			path = Components;
			sourceTree = "<group>";
		};
		88FA8014276A13C8002EC660 = {
			isa = PBXGroup;
			children = (
				88FA801F276A13C8002EC660 /* MySoothe */,
				88FA801E276A13C8002EC660 /* Products */,
			);
			sourceTree = "<group>";
		};
		88FA801E276A13C8002EC660 /* Products */ = {
			isa = PBXGroup;
			children = (
				88FA801D276A13C8002EC660 /* My Soothe.app */,
			);
			name = Products;
			sourceTree = "<group>";
		};
		88FA801F276A13C8002EC660 /* MySoothe */ = {
			isa = PBXGroup;
			children = (
				88FA8020276A13C8002EC660 /* MySootheApp.swift */,
				88DA073627748C9C002204C6 /* Data */,
				889759C3277DB5A0003587B2 /* Navigation */,
				88FA8030276A1529002EC660 /* UI */,
				88FA8024276A13CA002EC660 /* Assets.xcassets */,
				88FA8042276A1657002EC660 /* Info.plist */,
				88FA8026276A13CA002EC660 /* Preview Content */,
			);
			path = MySoothe;
			sourceTree = "<group>";
		};
		88FA8026276A13CA002EC660 /* Preview Content */ = {
			isa = PBXGroup;
			children = (
				88FA8027276A13CA002EC660 /* Preview Assets.xcassets */,
			);
			path = "Preview Content";
			sourceTree = "<group>";
		};
		88FA8030276A1529002EC660 /* UI */ = {
			isa = PBXGroup;
			children = (
				88FA8038276A15C0002EC660 /* Resources */,
				88FA8031276A1541002EC660 /* Theme */,
				88FA8044276A16D7002EC660 /* Components */,
				88FA8045276A16E4002EC660 /* Modifiers */,
				88FA8043276A169A002EC660 /* Screens */,
			);
			path = UI;
			sourceTree = "<group>";
		};
		88FA8031276A1541002EC660 /* Theme */ = {
			isa = PBXGroup;
			children = (
				88FA8034276A157C002EC660 /* Theme.swift */,
				88FA8032276A1568002EC660 /* Colors.swift */,
				88FA8036276A15A1002EC660 /* Fonts.swift */,
			);
			path = Theme;
			sourceTree = "<group>";
		};
		88FA8038276A15C0002EC660 /* Resources */ = {
			isa = PBXGroup;
			children = (
				88FA8054276A9A11002EC660 /* Strings */,
				88FA8039276A15C8002EC660 /* Fonts */,
				88FA8050276A99D6002EC660 /* Res.swift */,
				88FA8052276A99F4002EC660 /* Images.swift */,
				88271DC0277C649100B8D47E /* Icons.swift */,
			);
			path = Resources;
			sourceTree = "<group>";
		};
		88FA8039276A15C8002EC660 /* Fonts */ = {
			isa = PBXGroup;
			children = (
				88FA803D276A15FE002EC660 /* KulimParkLight.ttf */,
				88FA803B276A15FE002EC660 /* KulimParkRegular.ttf */,
				88FA803A276A15FE002EC660 /* LatoBold.ttf */,
				88FA803C276A15FE002EC660 /* LatoRegular.ttf */,
			);
			path = Fonts;
			sourceTree = "<group>";
		};
		88FA8043276A169A002EC660 /* Screens */ = {
			isa = PBXGroup;
			children = (
				88E311B8277B413A0037A96C /* Home */,
				88FA804A276A989E002EC660 /* WelcomeScreen.swift */,
				888FA6B6276BF4C7003CCABF /* LoginScreen.swift */,
			);
			path = Screens;
			sourceTree = "<group>";
		};
		88FA8044276A16D7002EC660 /* Components */ = {
			isa = PBXGroup;
			children = (
				88FA8046276A1711002EC660 /* MySootheContainer.swift */,
				88FA804C276A991F002EC660 /* MySootheButton.swift */,
				88A2965C276D41B600343731 /* MySootheTextField.swift */,
				88F01BB02774A148007F47EB /* URLImage.swift */,
			);
			path = Components;
			sourceTree = "<group>";
		};
		88FA8045276A16E4002EC660 /* Modifiers */ = {
			isa = PBXGroup;
			children = (
				88FA8048276A175F002EC660 /* FillMaxSize.swift */,
				88FA804E276A99A1002EC660 /* FillMaxWidth.swift */,
				888FA6B8276BF5DE003CCABF /* FillMaxHeight.swift */,
				88A2965A276D374100343731 /* CornerRadius.swift */,
				88A2965E276D4AE100343731 /* CenterCropped.swift */,
			);
			path = Modifiers;
			sourceTree = "<group>";
		};
		88FA8054276A9A11002EC660 /* Strings */ = {
			isa = PBXGroup;
			children = (
				88FA805B276A9A92002EC660 /* Localizable.strings */,
				88FA8055276A9A31002EC660 /* Strings.swift */,
			);
			path = Strings;
			sourceTree = "<group>";
		};
/* End PBXGroup section */

/* Begin PBXNativeTarget section */
		88FA801C276A13C8002EC660 /* MySoothe */ = {
			isa = PBXNativeTarget;
			buildConfigurationList = 88FA802B276A13CA002EC660 /* Build configuration list for PBXNativeTarget "MySoothe" */;
			buildPhases = (
				88FA8019276A13C8002EC660 /* Sources */,
				88FA801A276A13C8002EC660 /* Frameworks */,
				88FA801B276A13C8002EC660 /* Resources */,
			);
			buildRules = (
			);
			dependencies = (
			);
			name = MySoothe;
			productName = MySoothe;
			productReference = 88FA801D276A13C8002EC660 /* My Soothe.app */;
			productType = "com.apple.product-type.application";
		};
/* End PBXNativeTarget section */

/* Begin PBXProject section */
		88FA8015276A13C8002EC660 /* Project object */ = {
			isa = PBXProject;
			attributes = {
				BuildIndependentTargetsInParallel = 1;
				LastSwiftUpdateCheck = 1320;
				LastUpgradeCheck = 1320;
				TargetAttributes = {
					88FA801C276A13C8002EC660 = {
						CreatedOnToolsVersion = 13.2;
					};
				};
			};
			buildConfigurationList = 88FA8018276A13C8002EC660 /* Build configuration list for PBXProject "MySoothe" */;
			compatibilityVersion = "Xcode 13.0";
			developmentRegion = en;
			hasScannedForEncodings = 0;
			knownRegions = (
				en,
				Base,
			);
			mainGroup = 88FA8014276A13C8002EC660;
			productRefGroup = 88FA801E276A13C8002EC660 /* Products */;
			projectDirPath = "";
			projectRoot = "";
			targets = (
				88FA801C276A13C8002EC660 /* MySoothe */,
			);
		};
/* End PBXProject section */

/* Begin PBXResourcesBuildPhase section */
		88FA801B276A13C8002EC660 /* Resources */ = {
			isa = PBXResourcesBuildPhase;
			buildActionMask = 2147483647;
			files = (
				88FA8028276A13CA002EC660 /* Preview Assets.xcassets in Resources */,
				88FA8025276A13CA002EC660 /* Assets.xcassets in Resources */,
				88FA8040276A15FE002EC660 /* LatoRegular.ttf in Resources */,
				88FA8059276A9A92002EC660 /* Localizable.strings in Resources */,
				88FA803F276A15FE002EC660 /* KulimParkRegular.ttf in Resources */,
				88FA8041276A15FE002EC660 /* KulimParkLight.ttf in Resources */,
				88FA803E276A15FE002EC660 /* LatoBold.ttf in Resources */,
			);
			runOnlyForDeploymentPostprocessing = 0;
		};
/* End PBXResourcesBuildPhase section */

/* Begin PBXSourcesBuildPhase section */
		88FA8019276A13C8002EC660 /* Sources */ = {
			isa = PBXSourcesBuildPhase;
			buildActionMask = 2147483647;
			files = (
				888FA6B7276BF4C7003CCABF /* LoginScreen.swift in Sources */,
				88271DBD277C4EFD00B8D47E /* HomeContainer.swift in Sources */,
				88FA8037276A15A1002EC660 /* Fonts.swift in Sources */,
				88A2965B276D374300343731 /* CornerRadius.swift in Sources */,
				88E311BB277B42600037A96C /* FavoriteCollections.swift in Sources */,
				88A2965D276D41B600343731 /* MySootheTextField.swift in Sources */,
				88FA8035276A157C002EC660 /* Theme.swift in Sources */,
				88FA8047276A1711002EC660 /* MySootheContainer.swift in Sources */,
				888FA6B9276BF5DE003CCABF /* FillMaxHeight.swift in Sources */,
				88F01BB12774A148007F47EB /* URLImage.swift in Sources */,
				88271DC3277D147B00B8D47E /* HomeActionButton.swift in Sources */,
				88DA073B27748D91002204C6 /* Repository.swift in Sources */,
				88271DC1277C649100B8D47E /* Icons.swift in Sources */,
				88DA073927748D50002204C6 /* Collection.swift in Sources */,
				88FA8053276A99F4002EC660 /* Images.swift in Sources */,
				88FA804D276A991F002EC660 /* MySootheButton.swift in Sources */,
				88FA8051276A99D6002EC660 /* Res.swift in Sources */,
				88E311B72779E3560037A96C /* CollectionItem.swift in Sources */,
				88EA643F2783ACB400DF1A4F /* NavigationView.swift in Sources */,
				88FA804F276A99A1002EC660 /* FillMaxWidth.swift in Sources */,
				88FA8049276A175F002EC660 /* FillMaxSize.swift in Sources */,
				88271DBB277BBC0C00B8D47E /* Collections.swift in Sources */,
				88FA804B276A989E002EC660 /* WelcomeScreen.swift in Sources */,
				88E311B52779DB550037A96C /* FavoriteCollectionItem.swift in Sources */,
				88FA8033276A1568002EC660 /* Colors.swift in Sources */,
				88271DBF277C5CC000B8D47E /* TabContent.swift in Sources */,
				88A29661276E8FEA00343731 /* HomeScreen.swift in Sources */,
				88EA64412783ACFC00DF1A4F /* Navigation.swift in Sources */,
				88FA8056276A9A31002EC660 /* Strings.swift in Sources */,
				88FA8021276A13C8002EC660 /* MySootheApp.swift in Sources */,
				88271DB9277BBA2D00B8D47E /* CollectionTitle.swift in Sources */,
				88A2965F276D4AE100343731 /* CenterCropped.swift in Sources */,
			);
			runOnlyForDeploymentPostprocessing = 0;
		};
/* End PBXSourcesBuildPhase section */

/* Begin PBXVariantGroup section */
		88FA805B276A9A92002EC660 /* Localizable.strings */ = {
			isa = PBXVariantGroup;
			children = (
				88FA805A276A9A92002EC660 /* en */,
			);
			name = Localizable.strings;
			sourceTree = "<group>";
		};
/* End PBXVariantGroup section */

/* Begin XCBuildConfiguration section */
		88FA8029276A13CA002EC660 /* Debug */ = {
			isa = XCBuildConfiguration;
			buildSettings = {
				ALWAYS_SEARCH_USER_PATHS = NO;
				CLANG_ANALYZER_NONNULL = YES;
				CLANG_ANALYZER_NUMBER_OBJECT_CONVERSION = YES_AGGRESSIVE;
				CLANG_CXX_LANGUAGE_STANDARD = "gnu++17";
				CLANG_CXX_LIBRARY = "libc++";
				CLANG_ENABLE_MODULES = YES;
				CLANG_ENABLE_OBJC_ARC = YES;
				CLANG_ENABLE_OBJC_WEAK = YES;
				CLANG_WARN_BLOCK_CAPTURE_AUTORELEASING = YES;
				CLANG_WARN_BOOL_CONVERSION = YES;
				CLANG_WARN_COMMA = YES;
				CLANG_WARN_CONSTANT_CONVERSION = YES;
				CLANG_WARN_DEPRECATED_OBJC_IMPLEMENTATIONS = YES;
				CLANG_WARN_DIRECT_OBJC_ISA_USAGE = YES_ERROR;
				CLANG_WARN_DOCUMENTATION_COMMENTS = YES;
				CLANG_WARN_EMPTY_BODY = YES;
				CLANG_WARN_ENUM_CONVERSION = YES;
				CLANG_WARN_INFINITE_RECURSION = YES;
				CLANG_WARN_INT_CONVERSION = YES;
				CLANG_WARN_NON_LITERAL_NULL_CONVERSION = YES;
				CLANG_WARN_OBJC_IMPLICIT_RETAIN_SELF = YES;
				CLANG_WARN_OBJC_LITERAL_CONVERSION = YES;
				CLANG_WARN_OBJC_ROOT_CLASS = YES_ERROR;
				CLANG_WARN_QUOTED_INCLUDE_IN_FRAMEWORK_HEADER = YES;
				CLANG_WARN_RANGE_LOOP_ANALYSIS = YES;
				CLANG_WARN_STRICT_PROTOTYPES = YES;
				CLANG_WARN_SUSPICIOUS_MOVE = YES;
				CLANG_WARN_UNGUARDED_AVAILABILITY = YES_AGGRESSIVE;
				CLANG_WARN_UNREACHABLE_CODE = YES;
				CLANG_WARN__DUPLICATE_METHOD_MATCH = YES;
				COPY_PHASE_STRIP = NO;
				DEBUG_INFORMATION_FORMAT = dwarf;
				ENABLE_STRICT_OBJC_MSGSEND = YES;
				ENABLE_TESTABILITY = YES;
				GCC_C_LANGUAGE_STANDARD = gnu11;
				GCC_DYNAMIC_NO_PIC = NO;
				GCC_NO_COMMON_BLOCKS = YES;
				GCC_OPTIMIZATION_LEVEL = 0;
				GCC_PREPROCESSOR_DEFINITIONS = (
					"DEBUG=1",
					"$(inherited)",
				);
				GCC_WARN_64_TO_32_BIT_CONVERSION = YES;
				GCC_WARN_ABOUT_RETURN_TYPE = YES_ERROR;
				GCC_WARN_UNDECLARED_SELECTOR = YES;
				GCC_WARN_UNINITIALIZED_AUTOS = YES_AGGRESSIVE;
				GCC_WARN_UNUSED_FUNCTION = YES;
				GCC_WARN_UNUSED_VARIABLE = YES;
				IPHONEOS_DEPLOYMENT_TARGET = 14.0;
				MTL_ENABLE_DEBUG_INFO = INCLUDE_SOURCE;
				MTL_FAST_MATH = YES;
				ONLY_ACTIVE_ARCH = YES;
				SDKROOT = iphoneos;
				SWIFT_ACTIVE_COMPILATION_CONDITIONS = DEBUG;
				SWIFT_OPTIMIZATION_LEVEL = "-Onone";
			};
			name = Debug;
		};
		88FA802A276A13CA002EC660 /* Release */ = {
			isa = XCBuildConfiguration;
			buildSettings = {
				ALWAYS_SEARCH_USER_PATHS = NO;
				CLANG_ANALYZER_NONNULL = YES;
				CLANG_ANALYZER_NUMBER_OBJECT_CONVERSION = YES_AGGRESSIVE;
				CLANG_CXX_LANGUAGE_STANDARD = "gnu++17";
				CLANG_CXX_LIBRARY = "libc++";
				CLANG_ENABLE_MODULES = YES;
				CLANG_ENABLE_OBJC_ARC = YES;
				CLANG_ENABLE_OBJC_WEAK = YES;
				CLANG_WARN_BLOCK_CAPTURE_AUTORELEASING = YES;
				CLANG_WARN_BOOL_CONVERSION = YES;
				CLANG_WARN_COMMA = YES;
				CLANG_WARN_CONSTANT_CONVERSION = YES;
				CLANG_WARN_DEPRECATED_OBJC_IMPLEMENTATIONS = YES;
				CLANG_WARN_DIRECT_OBJC_ISA_USAGE = YES_ERROR;
				CLANG_WARN_DOCUMENTATION_COMMENTS = YES;
				CLANG_WARN_EMPTY_BODY = YES;
				CLANG_WARN_ENUM_CONVERSION = YES;
				CLANG_WARN_INFINITE_RECURSION = YES;
				CLANG_WARN_INT_CONVERSION = YES;
				CLANG_WARN_NON_LITERAL_NULL_CONVERSION = YES;
				CLANG_WARN_OBJC_IMPLICIT_RETAIN_SELF = YES;
				CLANG_WARN_OBJC_LITERAL_CONVERSION = YES;
				CLANG_WARN_OBJC_ROOT_CLASS = YES_ERROR;
				CLANG_WARN_QUOTED_INCLUDE_IN_FRAMEWORK_HEADER = YES;
				CLANG_WARN_RANGE_LOOP_ANALYSIS = YES;
				CLANG_WARN_STRICT_PROTOTYPES = YES;
				CLANG_WARN_SUSPICIOUS_MOVE = YES;
				CLANG_WARN_UNGUARDED_AVAILABILITY = YES_AGGRESSIVE;
				CLANG_WARN_UNREACHABLE_CODE = YES;
				CLANG_WARN__DUPLICATE_METHOD_MATCH = YES;
				COPY_PHASE_STRIP = NO;
				DEBUG_INFORMATION_FORMAT = "dwarf-with-dsym";
				ENABLE_NS_ASSERTIONS = NO;
				ENABLE_STRICT_OBJC_MSGSEND = YES;
				GCC_C_LANGUAGE_STANDARD = gnu11;
				GCC_NO_COMMON_BLOCKS = YES;
				GCC_WARN_64_TO_32_BIT_CONVERSION = YES;
				GCC_WARN_ABOUT_RETURN_TYPE = YES_ERROR;
				GCC_WARN_UNDECLARED_SELECTOR = YES;
				GCC_WARN_UNINITIALIZED_AUTOS = YES_AGGRESSIVE;
				GCC_WARN_UNUSED_FUNCTION = YES;
				GCC_WARN_UNUSED_VARIABLE = YES;
				IPHONEOS_DEPLOYMENT_TARGET = 14.0;
				MTL_ENABLE_DEBUG_INFO = NO;
				MTL_FAST_MATH = YES;
				SDKROOT = iphoneos;
				SWIFT_COMPILATION_MODE = wholemodule;
				SWIFT_OPTIMIZATION_LEVEL = "-O";
				VALIDATE_PRODUCT = YES;
			};
			name = Release;
		};
		88FA802C276A13CA002EC660 /* Debug */ = {
			isa = XCBuildConfiguration;
			buildSettings = {
				ASSETCATALOG_COMPILER_APPICON_NAME = AppIcon;
				ASSETCATALOG_COMPILER_GLOBAL_ACCENT_COLOR_NAME = AccentColor;
				CODE_SIGN_STYLE = Automatic;
				CURRENT_PROJECT_VERSION = 1;
				DEVELOPMENT_ASSET_PATHS = "\"MySoothe/Preview Content\"";
				ENABLE_PREVIEWS = YES;
				GENERATE_INFOPLIST_FILE = YES;
				INFOPLIST_FILE = MySoothe/Info.plist;
				INFOPLIST_KEY_UIApplicationSceneManifest_Generation = YES;
				INFOPLIST_KEY_UIApplicationSupportsIndirectInputEvents = YES;
				INFOPLIST_KEY_UILaunchScreen_Generation = YES;
				INFOPLIST_KEY_UISupportedInterfaceOrientations = UIInterfaceOrientationPortrait;
				INFOPLIST_KEY_UISupportedInterfaceOrientations_iPad = "UIInterfaceOrientationPortrait UIInterfaceOrientationPortraitUpsideDown UIInterfaceOrientationLandscapeLeft UIInterfaceOrientationLandscapeRight";
				INFOPLIST_KEY_UISupportedInterfaceOrientations_iPhone = "UIInterfaceOrientationPortrait UIInterfaceOrientationLandscapeLeft UIInterfaceOrientationLandscapeRight";
				IPHONEOS_DEPLOYMENT_TARGET = 14.0;
				LD_RUNPATH_SEARCH_PATHS = (
					"$(inherited)",
					"@executable_path/Frameworks",
				);
				MARKETING_VERSION = 1.0;
				PRODUCT_BUNDLE_IDENTIFIER = com.fjoglar.swiftuichallenge.mysoothe;
				PRODUCT_NAME = "My Soothe";
				SWIFT_EMIT_LOC_STRINGS = YES;
				SWIFT_VERSION = 5.0;
				TARGETED_DEVICE_FAMILY = 1;
			};
			name = Debug;
		};
		88FA802D276A13CA002EC660 /* Release */ = {
			isa = XCBuildConfiguration;
			buildSettings = {
				ASSETCATALOG_COMPILER_APPICON_NAME = AppIcon;
				ASSETCATALOG_COMPILER_GLOBAL_ACCENT_COLOR_NAME = AccentColor;
				CODE_SIGN_STYLE = Automatic;
				CURRENT_PROJECT_VERSION = 1;
				DEVELOPMENT_ASSET_PATHS = "\"MySoothe/Preview Content\"";
				ENABLE_PREVIEWS = YES;
				GENERATE_INFOPLIST_FILE = YES;
				INFOPLIST_FILE = MySoothe/Info.plist;
				INFOPLIST_KEY_UIApplicationSceneManifest_Generation = YES;
				INFOPLIST_KEY_UIApplicationSupportsIndirectInputEvents = YES;
				INFOPLIST_KEY_UILaunchScreen_Generation = YES;
				INFOPLIST_KEY_UISupportedInterfaceOrientations = UIInterfaceOrientationPortrait;
				INFOPLIST_KEY_UISupportedInterfaceOrientations_iPad = "UIInterfaceOrientationPortrait UIInterfaceOrientationPortraitUpsideDown UIInterfaceOrientationLandscapeLeft UIInterfaceOrientationLandscapeRight";
				INFOPLIST_KEY_UISupportedInterfaceOrientations_iPhone = "UIInterfaceOrientationPortrait UIInterfaceOrientationLandscapeLeft UIInterfaceOrientationLandscapeRight";
				IPHONEOS_DEPLOYMENT_TARGET = 14.0;
				LD_RUNPATH_SEARCH_PATHS = (
					"$(inherited)",
					"@executable_path/Frameworks",
				);
				MARKETING_VERSION = 1.0;
				PRODUCT_BUNDLE_IDENTIFIER = com.fjoglar.swiftuichallenge.mysoothe;
				PRODUCT_NAME = "My Soothe";
				SWIFT_EMIT_LOC_STRINGS = YES;
				SWIFT_VERSION = 5.0;
				TARGETED_DEVICE_FAMILY = 1;
			};
			name = Release;
		};
/* End XCBuildConfiguration section */

/* Begin XCConfigurationList section */
		88FA8018276A13C8002EC660 /* Build configuration list for PBXProject "MySoothe" */ = {
			isa = XCConfigurationList;
			buildConfigurations = (
				88FA8029276A13CA002EC660 /* Debug */,
				88FA802A276A13CA002EC660 /* Release */,
			);
			defaultConfigurationIsVisible = 0;
			defaultConfigurationName = Release;
		};
		88FA802B276A13CA002EC660 /* Build configuration list for PBXNativeTarget "MySoothe" */ = {
			isa = XCConfigurationList;
			buildConfigurations = (
				88FA802C276A13CA002EC660 /* Debug */,
				88FA802D276A13CA002EC660 /* Release */,
			);
			defaultConfigurationIsVisible = 0;
			defaultConfigurationName = Release;
		};
/* End XCConfigurationList section */
	};
	rootObject = 88FA8015276A13C8002EC660 /* Project object */;
}
