// !$*UTF8*$!
{
	archiveVersion = 1;
	classes = {
	};
	objectVersion = 55;
	objects = {

/* Begin PBXBuildFile section */
		886727572808B93C002C2864 /* WeTradeButton.swift in Sources */ = {isa = PBXBuildFile; fileRef = 886727562808B93B002C2864 /* WeTradeButton.swift */; };
		886727592808BAC6002C2864 /* WeTradeOutlinedButton.swift in Sources */ = {isa = PBXBuildFile; fileRef = 886727582808BAC6002C2864 /* WeTradeOutlinedButton.swift */; };
		8867275D2808BD6C002C2864 /* Localizable.strings in Resources */ = {isa = PBXBuildFile; fileRef = 8867275F2808BD6C002C2864 /* Localizable.strings */; };
		886727612808BDED002C2864 /* Strings.swift in Sources */ = {isa = PBXBuildFile; fileRef = 886727602808BDED002C2864 /* Strings.swift */; };
		B112785E280E998000434F66 /* WeTradeTextField.swift in Sources */ = {isa = PBXBuildFile; fileRef = B112785D280E998000434F66 /* WeTradeTextField.swift */; };
		B11ADF4B27FE508D00EB425D /* WeTradeApp.swift in Sources */ = {isa = PBXBuildFile; fileRef = B11ADF4A27FE508D00EB425D /* WeTradeApp.swift */; };
		B11ADF4D27FE508D00EB425D /* WelcomeScreen.swift in Sources */ = {isa = PBXBuildFile; fileRef = B11ADF4C27FE508D00EB425D /* WelcomeScreen.swift */; };
		B11ADF4F27FE508F00EB425D /* Assets.xcassets in Resources */ = {isa = PBXBuildFile; fileRef = B11ADF4E27FE508F00EB425D /* Assets.xcassets */; };
		B11ADF5A27FE50E000EB425D /* Components.framework in Frameworks */ = {isa = PBXBuildFile; fileRef = B11ADF5927FE50E000EB425D /* Components.framework */; };
		B11ADF5B27FE50E000EB425D /* Components.framework in Embed Frameworks */ = {isa = PBXBuildFile; fileRef = B11ADF5927FE50E000EB425D /* Components.framework */; settings = {ATTRIBUTES = (CodeSignOnCopy, RemoveHeadersOnCopy, ); }; };
		B11E091A280E223F00261EA3 /* LoginScreen.swift in Sources */ = {isa = PBXBuildFile; fileRef = B11E0919280E223F00261EA3 /* LoginScreen.swift */; };
		B173C1A727FF91BF00485D0D /* Theme.swift in Sources */ = {isa = PBXBuildFile; fileRef = B173C1A627FF91BF00485D0D /* Theme.swift */; };
		B173C1A927FF91D600485D0D /* Colors.swift in Sources */ = {isa = PBXBuildFile; fileRef = B173C1A827FF91D600485D0D /* Colors.swift */; };
		B173C1AB27FF922C00485D0D /* Fonts.swift in Sources */ = {isa = PBXBuildFile; fileRef = B173C1AA27FF922C00485D0D /* Fonts.swift */; };
		B173C1B327FF92C800485D0D /* MontserratSemiBold.ttf in Resources */ = {isa = PBXBuildFile; fileRef = B173C1AE27FF92C800485D0D /* MontserratSemiBold.ttf */; };
		B173C1B427FF92C800485D0D /* MontserratLight.ttf in Resources */ = {isa = PBXBuildFile; fileRef = B173C1AF27FF92C800485D0D /* MontserratLight.ttf */; };
		B173C1B527FF92C800485D0D /* MontserratBold.ttf in Resources */ = {isa = PBXBuildFile; fileRef = B173C1B027FF92C800485D0D /* MontserratBold.ttf */; };
		B173C1B627FF92C800485D0D /* MontserratMedium.ttf in Resources */ = {isa = PBXBuildFile; fileRef = B173C1B127FF92C800485D0D /* MontserratMedium.ttf */; };
		B173C1B727FF92C800485D0D /* MontserratExtraBold.ttf in Resources */ = {isa = PBXBuildFile; fileRef = B173C1B227FF92C800485D0D /* MontserratExtraBold.ttf */; };
		B173C1BA27FF954C00485D0D /* Res.swift in Sources */ = {isa = PBXBuildFile; fileRef = B173C1B927FF954C00485D0D /* Res.swift */; };
		B173C1BC27FF956C00485D0D /* Icons.swift in Sources */ = {isa = PBXBuildFile; fileRef = B173C1BB27FF956C00485D0D /* Icons.swift */; };
		B173C1BE27FF96F400485D0D /* Images.swift in Sources */ = {isa = PBXBuildFile; fileRef = B173C1BD27FF96F400485D0D /* Images.swift */; };
		B173C1C127FF980C00485D0D /* WeTradeContainer.swift in Sources */ = {isa = PBXBuildFile; fileRef = B173C1C027FF980C00485D0D /* WeTradeContainer.swift */; };
/* End PBXBuildFile section */

/* Begin PBXCopyFilesBuildPhase section */
		B11ADF5C27FE50E000EB425D /* Embed Frameworks */ = {
			isa = PBXCopyFilesBuildPhase;
			buildActionMask = 2147483647;
			dstPath = "";
			dstSubfolderSpec = 10;
			files = (
				B11ADF5B27FE50E000EB425D /* Components.framework in Embed Frameworks */,
			);
			name = "Embed Frameworks";
			runOnlyForDeploymentPostprocessing = 0;
		};
/* End PBXCopyFilesBuildPhase section */

/* Begin PBXFileReference section */
		886727562808B93B002C2864 /* WeTradeButton.swift */ = {isa = PBXFileReference; lastKnownFileType = sourcecode.swift; path = WeTradeButton.swift; sourceTree = "<group>"; };
		886727582808BAC6002C2864 /* WeTradeOutlinedButton.swift */ = {isa = PBXFileReference; lastKnownFileType = sourcecode.swift; path = WeTradeOutlinedButton.swift; sourceTree = "<group>"; };
		8867275E2808BD6C002C2864 /* en */ = {isa = PBXFileReference; lastKnownFileType = text.plist.strings; name = en; path = en.lproj/Localizable.strings; sourceTree = "<group>"; };
		886727602808BDED002C2864 /* Strings.swift */ = {isa = PBXFileReference; lastKnownFileType = sourcecode.swift; path = Strings.swift; sourceTree = "<group>"; };
		B112785D280E998000434F66 /* WeTradeTextField.swift */ = {isa = PBXFileReference; lastKnownFileType = sourcecode.swift; path = WeTradeTextField.swift; sourceTree = "<group>"; };
		B11ADF4727FE508D00EB425D /* WeTrade.app */ = {isa = PBXFileReference; explicitFileType = wrapper.application; includeInIndex = 0; path = WeTrade.app; sourceTree = BUILT_PRODUCTS_DIR; };
		B11ADF4A27FE508D00EB425D /* WeTradeApp.swift */ = {isa = PBXFileReference; lastKnownFileType = sourcecode.swift; path = WeTradeApp.swift; sourceTree = "<group>"; };
		B11ADF4C27FE508D00EB425D /* WelcomeScreen.swift */ = {isa = PBXFileReference; lastKnownFileType = sourcecode.swift; path = WelcomeScreen.swift; sourceTree = "<group>"; };
		B11ADF4E27FE508F00EB425D /* Assets.xcassets */ = {isa = PBXFileReference; lastKnownFileType = folder.assetcatalog; path = Assets.xcassets; sourceTree = "<group>"; };
		B11ADF5927FE50E000EB425D /* Components.framework */ = {isa = PBXFileReference; explicitFileType = wrapper.framework; path = Components.framework; sourceTree = BUILT_PRODUCTS_DIR; };
		B11E0919280E223F00261EA3 /* LoginScreen.swift */ = {isa = PBXFileReference; lastKnownFileType = sourcecode.swift; path = LoginScreen.swift; sourceTree = "<group>"; };
		B173C1A627FF91BF00485D0D /* Theme.swift */ = {isa = PBXFileReference; lastKnownFileType = sourcecode.swift; path = Theme.swift; sourceTree = "<group>"; };
		B173C1A827FF91D600485D0D /* Colors.swift */ = {isa = PBXFileReference; lastKnownFileType = sourcecode.swift; path = Colors.swift; sourceTree = "<group>"; };
		B173C1AA27FF922C00485D0D /* Fonts.swift */ = {isa = PBXFileReference; lastKnownFileType = sourcecode.swift; path = Fonts.swift; sourceTree = "<group>"; };
		B173C1AE27FF92C800485D0D /* MontserratSemiBold.ttf */ = {isa = PBXFileReference; lastKnownFileType = file; path = MontserratSemiBold.ttf; sourceTree = "<group>"; };
		B173C1AF27FF92C800485D0D /* MontserratLight.ttf */ = {isa = PBXFileReference; lastKnownFileType = file; path = MontserratLight.ttf; sourceTree = "<group>"; };
		B173C1B027FF92C800485D0D /* MontserratBold.ttf */ = {isa = PBXFileReference; lastKnownFileType = file; path = MontserratBold.ttf; sourceTree = "<group>"; };
		B173C1B127FF92C800485D0D /* MontserratMedium.ttf */ = {isa = PBXFileReference; lastKnownFileType = file; path = MontserratMedium.ttf; sourceTree = "<group>"; };
		B173C1B227FF92C800485D0D /* MontserratExtraBold.ttf */ = {isa = PBXFileReference; lastKnownFileType = file; path = MontserratExtraBold.ttf; sourceTree = "<group>"; };
		B173C1B827FF93D300485D0D /* Info.plist */ = {isa = PBXFileReference; lastKnownFileType = text.plist; path = Info.plist; sourceTree = "<group>"; };
		B173C1B927FF954C00485D0D /* Res.swift */ = {isa = PBXFileReference; lastKnownFileType = sourcecode.swift; path = Res.swift; sourceTree = "<group>"; };
		B173C1BB27FF956C00485D0D /* Icons.swift */ = {isa = PBXFileReference; lastKnownFileType = sourcecode.swift; path = Icons.swift; sourceTree = "<group>"; };
		B173C1BD27FF96F400485D0D /* Images.swift */ = {isa = PBXFileReference; lastKnownFileType = sourcecode.swift; path = Images.swift; sourceTree = "<group>"; };
		B173C1C027FF980C00485D0D /* WeTradeContainer.swift */ = {isa = PBXFileReference; lastKnownFileType = sourcecode.swift; path = WeTradeContainer.swift; sourceTree = "<group>"; };
/* End PBXFileReference section */

/* Begin PBXFrameworksBuildPhase section */
		B11ADF4427FE508D00EB425D /* Frameworks */ = {
			isa = PBXFrameworksBuildPhase;
			buildActionMask = 2147483647;
			files = (
				B11ADF5A27FE50E000EB425D /* Components.framework in Frameworks */,
			);
			runOnlyForDeploymentPostprocessing = 0;
		};
/* End PBXFrameworksBuildPhase section */

/* Begin PBXGroup section */
		8835DAE72800E6A000710E8C /* Screens */ = {
			isa = PBXGroup;
			children = (
				B11ADF4C27FE508D00EB425D /* WelcomeScreen.swift */,
				B11E0919280E223F00261EA3 /* LoginScreen.swift */,
			);
			path = Screens;
			sourceTree = "<group>";
		};
		8867275A2808BD53002C2864 /* Strings */ = {
			isa = PBXGroup;
			children = (
				8867275F2808BD6C002C2864 /* Localizable.strings */,
				886727602808BDED002C2864 /* Strings.swift */,
			);
			path = Strings;
			sourceTree = "<group>";
		};
		B11ADF3E27FE508D00EB425D = {
			isa = PBXGroup;
			children = (
				B11ADF4927FE508D00EB425D /* WeTrade */,
				B11ADF4827FE508D00EB425D /* Products */,
				B11ADF5827FE50DF00EB425D /* Frameworks */,
			);
			sourceTree = "<group>";
		};
		B11ADF4827FE508D00EB425D /* Products */ = {
			isa = PBXGroup;
			children = (
				B11ADF4727FE508D00EB425D /* WeTrade.app */,
			);
			name = Products;
			sourceTree = "<group>";
		};
		B11ADF4927FE508D00EB425D /* WeTrade */ = {
			isa = PBXGroup;
			children = (
				B173C1A427FF918400485D0D /* UI */,
				B11ADF4A27FE508D00EB425D /* WeTradeApp.swift */,
				B11ADF4E27FE508F00EB425D /* Assets.xcassets */,
				B173C1B827FF93D300485D0D /* Info.plist */,
			);
			path = WeTrade;
			sourceTree = "<group>";
		};
		B11ADF5827FE50DF00EB425D /* Frameworks */ = {
			isa = PBXGroup;
			children = (
				B11ADF5927FE50E000EB425D /* Components.framework */,
			);
			name = Frameworks;
			sourceTree = "<group>";
		};
		B173C1A427FF918400485D0D /* UI */ = {
			isa = PBXGroup;
			children = (
				B173C1AC27FF928200485D0D /* Resources */,
				B173C1A527FF918A00485D0D /* Theme */,
				B173C1BF27FF97F600485D0D /* Components */,
				8835DAE72800E6A000710E8C /* Screens */,
			);
			path = UI;
			sourceTree = "<group>";
		};
		B173C1A527FF918A00485D0D /* Theme */ = {
			isa = PBXGroup;
			children = (
				B173C1A627FF91BF00485D0D /* Theme.swift */,
				B173C1A827FF91D600485D0D /* Colors.swift */,
				B173C1AA27FF922C00485D0D /* Fonts.swift */,
			);
			path = Theme;
			sourceTree = "<group>";
		};
		B173C1AC27FF928200485D0D /* Resources */ = {
			isa = PBXGroup;
			children = (
				8867275A2808BD53002C2864 /* Strings */,
				B173C1AD27FF928900485D0D /* Fonts */,
				B173C1B927FF954C00485D0D /* Res.swift */,
				B173C1BB27FF956C00485D0D /* Icons.swift */,
				B173C1BD27FF96F400485D0D /* Images.swift */,
			);
			path = Resources;
			sourceTree = "<group>";
		};
		B173C1AD27FF928900485D0D /* Fonts */ = {
			isa = PBXGroup;
			children = (
				B173C1B027FF92C800485D0D /* MontserratBold.ttf */,
				B173C1B227FF92C800485D0D /* MontserratExtraBold.ttf */,
				B173C1AF27FF92C800485D0D /* MontserratLight.ttf */,
				B173C1B127FF92C800485D0D /* MontserratMedium.ttf */,
				B173C1AE27FF92C800485D0D /* MontserratSemiBold.ttf */,
			);
			path = Fonts;
			sourceTree = "<group>";
		};
		B173C1BF27FF97F600485D0D /* Components */ = {
			isa = PBXGroup;
			children = (
				B173C1C027FF980C00485D0D /* WeTradeContainer.swift */,
				886727562808B93B002C2864 /* WeTradeButton.swift */,
				886727582808BAC6002C2864 /* WeTradeOutlinedButton.swift */,
				B112785D280E998000434F66 /* WeTradeTextField.swift */,
			);
			path = Components;
			sourceTree = "<group>";
		};
/* End PBXGroup section */

/* Begin PBXNativeTarget section */
		B11ADF4627FE508D00EB425D /* WeTrade */ = {
			isa = PBXNativeTarget;
			buildConfigurationList = B11ADF5527FE508F00EB425D /* Build configuration list for PBXNativeTarget "WeTrade" */;
			buildPhases = (
				B11ADF4327FE508D00EB425D /* Sources */,
				B11ADF4427FE508D00EB425D /* Frameworks */,
				B11ADF4527FE508D00EB425D /* Resources */,
				B11ADF5C27FE50E000EB425D /* Embed Frameworks */,
			);
			buildRules = (
			);
			dependencies = (
			);
			name = WeTrade;
			productName = WeTrade;
			productReference = B11ADF4727FE508D00EB425D /* WeTrade.app */;
			productType = "com.apple.product-type.application";
		};
/* End PBXNativeTarget section */

/* Begin PBXProject section */
		B11ADF3F27FE508D00EB425D /* Project object */ = {
			isa = PBXProject;
			attributes = {
				BuildIndependentTargetsInParallel = 1;
				LastSwiftUpdateCheck = 1330;
				LastUpgradeCheck = 1330;
				TargetAttributes = {
					B11ADF4627FE508D00EB425D = {
						CreatedOnToolsVersion = 13.3;
					};
				};
			};
			buildConfigurationList = B11ADF4227FE508D00EB425D /* Build configuration list for PBXProject "WeTrade" */;
			compatibilityVersion = "Xcode 13.0";
			developmentRegion = en;
			hasScannedForEncodings = 0;
			knownRegions = (
				en,
				Base,
			);
			mainGroup = B11ADF3E27FE508D00EB425D;
			productRefGroup = B11ADF4827FE508D00EB425D /* Products */;
			projectDirPath = "";
			projectRoot = "";
			targets = (
				B11ADF4627FE508D00EB425D /* WeTrade */,
			);
		};
/* End PBXProject section */

/* Begin PBXResourcesBuildPhase section */
		B11ADF4527FE508D00EB425D /* Resources */ = {
			isa = PBXResourcesBuildPhase;
			buildActionMask = 2147483647;
			files = (
				B173C1B527FF92C800485D0D /* MontserratBold.ttf in Resources */,
				B173C1B727FF92C800485D0D /* MontserratExtraBold.ttf in Resources */,
				B173C1B627FF92C800485D0D /* MontserratMedium.ttf in Resources */,
				8867275D2808BD6C002C2864 /* Localizable.strings in Resources */,
				B173C1B427FF92C800485D0D /* MontserratLight.ttf in Resources */,
				B173C1B327FF92C800485D0D /* MontserratSemiBold.ttf in Resources */,
				B11ADF4F27FE508F00EB425D /* Assets.xcassets in Resources */,
			);
			runOnlyForDeploymentPostprocessing = 0;
		};
/* End PBXResourcesBuildPhase section */

/* Begin PBXSourcesBuildPhase section */
		B11ADF4327FE508D00EB425D /* Sources */ = {
			isa = PBXSourcesBuildPhase;
			buildActionMask = 2147483647;
			files = (
				B112785E280E998000434F66 /* WeTradeTextField.swift in Sources */,
				B11E091A280E223F00261EA3 /* LoginScreen.swift in Sources */,
				886727572808B93C002C2864 /* WeTradeButton.swift in Sources */,
				B173C1BC27FF956C00485D0D /* Icons.swift in Sources */,
				B173C1C127FF980C00485D0D /* WeTradeContainer.swift in Sources */,
				B173C1A727FF91BF00485D0D /* Theme.swift in Sources */,
				B173C1AB27FF922C00485D0D /* Fonts.swift in Sources */,
				B173C1BA27FF954C00485D0D /* Res.swift in Sources */,
				B173C1A927FF91D600485D0D /* Colors.swift in Sources */,
				B173C1BE27FF96F400485D0D /* Images.swift in Sources */,
				886727592808BAC6002C2864 /* WeTradeOutlinedButton.swift in Sources */,
				B11ADF4D27FE508D00EB425D /* WelcomeScreen.swift in Sources */,
				886727612808BDED002C2864 /* Strings.swift in Sources */,
				B11ADF4B27FE508D00EB425D /* WeTradeApp.swift in Sources */,
			);
			runOnlyForDeploymentPostprocessing = 0;
		};
/* End PBXSourcesBuildPhase section */

/* Begin PBXVariantGroup section */
		8867275F2808BD6C002C2864 /* Localizable.strings */ = {
			isa = PBXVariantGroup;
			children = (
				8867275E2808BD6C002C2864 /* en */,
			);
			name = Localizable.strings;
			sourceTree = "<group>";
		};
/* End PBXVariantGroup section */

/* Begin XCBuildConfiguration section */
		B11ADF5327FE508F00EB425D /* Debug */ = {
			isa = XCBuildConfiguration;
			buildSettings = {
				ALWAYS_SEARCH_USER_PATHS = NO;
				CLANG_ANALYZER_NONNULL = YES;
				CLANG_ANALYZER_NUMBER_OBJECT_CONVERSION = YES_AGGRESSIVE;
				CLANG_CXX_LANGUAGE_STANDARD = "gnu++17";
				CLANG_ENABLE_MODULES = YES;
				CLANG_ENABLE_OBJC_ARC = YES;
				CLANG_ENABLE_OBJC_WEAK = YES;
				CLANG_WARN_BLOCK_CAPTURE_AUTORELEASING = YES;
				CLANG_WARN_BOOL_CONVERSION = YES;
				CLANG_WARN_COMMA = YES;
				CLANG_WARN_CONSTANT_CONVERSION = YES;
				CLANG_WARN_DEPRECATED_OBJC_IMPLEMENTATIONS = YES;
				CLANG_WARN_DIRECT_OBJC_ISA_USAGE = YES_ERROR;
				CLANG_WARN_DOCUMENTATION_COMMENTS = YES;
				CLANG_WARN_EMPTY_BODY = YES;
				CLANG_WARN_ENUM_CONVERSION = YES;
				CLANG_WARN_INFINITE_RECURSION = YES;
				CLANG_WARN_INT_CONVERSION = YES;
				CLANG_WARN_NON_LITERAL_NULL_CONVERSION = YES;
				CLANG_WARN_OBJC_IMPLICIT_RETAIN_SELF = YES;
				CLANG_WARN_OBJC_LITERAL_CONVERSION = YES;
				CLANG_WARN_OBJC_ROOT_CLASS = YES_ERROR;
				CLANG_WARN_QUOTED_INCLUDE_IN_FRAMEWORK_HEADER = YES;
				CLANG_WARN_RANGE_LOOP_ANALYSIS = YES;
				CLANG_WARN_STRICT_PROTOTYPES = YES;
				CLANG_WARN_SUSPICIOUS_MOVE = YES;
				CLANG_WARN_UNGUARDED_AVAILABILITY = YES_AGGRESSIVE;
				CLANG_WARN_UNREACHABLE_CODE = YES;
				CLANG_WARN__DUPLICATE_METHOD_MATCH = YES;
				COPY_PHASE_STRIP = NO;
				DEBUG_INFORMATION_FORMAT = dwarf;
				ENABLE_STRICT_OBJC_MSGSEND = YES;
				ENABLE_TESTABILITY = YES;
				GCC_C_LANGUAGE_STANDARD = gnu11;
				GCC_DYNAMIC_NO_PIC = NO;
				GCC_NO_COMMON_BLOCKS = YES;
				GCC_OPTIMIZATION_LEVEL = 0;
				GCC_PREPROCESSOR_DEFINITIONS = (
					"DEBUG=1",
					"$(inherited)",
				);
				GCC_WARN_64_TO_32_BIT_CONVERSION = YES;
				GCC_WARN_ABOUT_RETURN_TYPE = YES_ERROR;
				GCC_WARN_UNDECLARED_SELECTOR = YES;
				GCC_WARN_UNINITIALIZED_AUTOS = YES_AGGRESSIVE;
				GCC_WARN_UNUSED_FUNCTION = YES;
				GCC_WARN_UNUSED_VARIABLE = YES;
				IPHONEOS_DEPLOYMENT_TARGET = 15.4;
				MTL_ENABLE_DEBUG_INFO = INCLUDE_SOURCE;
				MTL_FAST_MATH = YES;
				ONLY_ACTIVE_ARCH = YES;
				SDKROOT = iphoneos;
				SWIFT_ACTIVE_COMPILATION_CONDITIONS = DEBUG;
				SWIFT_OPTIMIZATION_LEVEL = "-Onone";
			};
			name = Debug;
		};
		B11ADF5427FE508F00EB425D /* Release */ = {
			isa = XCBuildConfiguration;
			buildSettings = {
				ALWAYS_SEARCH_USER_PATHS = NO;
				CLANG_ANALYZER_NONNULL = YES;
				CLANG_ANALYZER_NUMBER_OBJECT_CONVERSION = YES_AGGRESSIVE;
				CLANG_CXX_LANGUAGE_STANDARD = "gnu++17";
				CLANG_ENABLE_MODULES = YES;
				CLANG_ENABLE_OBJC_ARC = YES;
				CLANG_ENABLE_OBJC_WEAK = YES;
				CLANG_WARN_BLOCK_CAPTURE_AUTORELEASING = YES;
				CLANG_WARN_BOOL_CONVERSION = YES;
				CLANG_WARN_COMMA = YES;
				CLANG_WARN_CONSTANT_CONVERSION = YES;
				CLANG_WARN_DEPRECATED_OBJC_IMPLEMENTATIONS = YES;
				CLANG_WARN_DIRECT_OBJC_ISA_USAGE = YES_ERROR;
				CLANG_WARN_DOCUMENTATION_COMMENTS = YES;
				CLANG_WARN_EMPTY_BODY = YES;
				CLANG_WARN_ENUM_CONVERSION = YES;
				CLANG_WARN_INFINITE_RECURSION = YES;
				CLANG_WARN_INT_CONVERSION = YES;
				CLANG_WARN_NON_LITERAL_NULL_CONVERSION = YES;
				CLANG_WARN_OBJC_IMPLICIT_RETAIN_SELF = YES;
				CLANG_WARN_OBJC_LITERAL_CONVERSION = YES;
				CLANG_WARN_OBJC_ROOT_CLASS = YES_ERROR;
				CLANG_WARN_QUOTED_INCLUDE_IN_FRAMEWORK_HEADER = YES;
				CLANG_WARN_RANGE_LOOP_ANALYSIS = YES;
				CLANG_WARN_STRICT_PROTOTYPES = YES;
				CLANG_WARN_SUSPICIOUS_MOVE = YES;
				CLANG_WARN_UNGUARDED_AVAILABILITY = YES_AGGRESSIVE;
				CLANG_WARN_UNREACHABLE_CODE = YES;
				CLANG_WARN__DUPLICATE_METHOD_MATCH = YES;
				COPY_PHASE_STRIP = NO;
				DEBUG_INFORMATION_FORMAT = "dwarf-with-dsym";
				ENABLE_NS_ASSERTIONS = NO;
				ENABLE_STRICT_OBJC_MSGSEND = YES;
				GCC_C_LANGUAGE_STANDARD = gnu11;
				GCC_NO_COMMON_BLOCKS = YES;
				GCC_WARN_64_TO_32_BIT_CONVERSION = YES;
				GCC_WARN_ABOUT_RETURN_TYPE = YES_ERROR;
				GCC_WARN_UNDECLARED_SELECTOR = YES;
				GCC_WARN_UNINITIALIZED_AUTOS = YES_AGGRESSIVE;
				GCC_WARN_UNUSED_FUNCTION = YES;
				GCC_WARN_UNUSED_VARIABLE = YES;
				IPHONEOS_DEPLOYMENT_TARGET = 15.4;
				MTL_ENABLE_DEBUG_INFO = NO;
				MTL_FAST_MATH = YES;
				SDKROOT = iphoneos;
				SWIFT_COMPILATION_MODE = wholemodule;
				SWIFT_OPTIMIZATION_LEVEL = "-O";
				VALIDATE_PRODUCT = YES;
			};
			name = Release;
		};
		B11ADF5627FE508F00EB425D /* Debug */ = {
			isa = XCBuildConfiguration;
			buildSettings = {
				ASSETCATALOG_COMPILER_APPICON_NAME = AppIcon;
				ASSETCATALOG_COMPILER_GLOBAL_ACCENT_COLOR_NAME = AccentColor;
				CODE_SIGN_STYLE = Automatic;
				CURRENT_PROJECT_VERSION = 1;
				DEVELOPMENT_ASSET_PATHS = "";
				ENABLE_PREVIEWS = YES;
				GENERATE_INFOPLIST_FILE = YES;
				INFOPLIST_FILE = WeTrade/Info.plist;
				INFOPLIST_KEY_UIApplicationSceneManifest_Generation = YES;
				INFOPLIST_KEY_UIApplicationSupportsIndirectInputEvents = YES;
				INFOPLIST_KEY_UISupportedInterfaceOrientations = UIInterfaceOrientationPortrait;
				INFOPLIST_KEY_UISupportedInterfaceOrientations_iPad = "UIInterfaceOrientationPortrait UIInterfaceOrientationPortraitUpsideDown UIInterfaceOrientationLandscapeLeft UIInterfaceOrientationLandscapeRight";
				INFOPLIST_KEY_UISupportedInterfaceOrientations_iPhone = "UIInterfaceOrientationPortrait UIInterfaceOrientationLandscapeLeft UIInterfaceOrientationLandscapeRight";
				IPHONEOS_DEPLOYMENT_TARGET = 14.0;
				LD_RUNPATH_SEARCH_PATHS = (
					"$(inherited)",
					"@executable_path/Frameworks",
				);
				MARKETING_VERSION = 1.0;
				PRODUCT_BUNDLE_IDENTIFIER = com.foglar.swiftuichallenge.wetrade;
				PRODUCT_NAME = "$(TARGET_NAME)";
				SWIFT_EMIT_LOC_STRINGS = YES;
				SWIFT_VERSION = 5.0;
				TARGETED_DEVICE_FAMILY = 1;
			};
			name = Debug;
		};
		B11ADF5727FE508F00EB425D /* Release */ = {
			isa = XCBuildConfiguration;
			buildSettings = {
				ASSETCATALOG_COMPILER_APPICON_NAME = AppIcon;
				ASSETCATALOG_COMPILER_GLOBAL_ACCENT_COLOR_NAME = AccentColor;
				CODE_SIGN_STYLE = Automatic;
				CURRENT_PROJECT_VERSION = 1;
				DEVELOPMENT_ASSET_PATHS = "";
				ENABLE_PREVIEWS = YES;
				GENERATE_INFOPLIST_FILE = YES;
				INFOPLIST_FILE = WeTrade/Info.plist;
				INFOPLIST_KEY_UIApplicationSceneManifest_Generation = YES;
				INFOPLIST_KEY_UIApplicationSupportsIndirectInputEvents = YES;
				INFOPLIST_KEY_UISupportedInterfaceOrientations = UIInterfaceOrientationPortrait;
				INFOPLIST_KEY_UISupportedInterfaceOrientations_iPad = "UIInterfaceOrientationPortrait UIInterfaceOrientationPortraitUpsideDown UIInterfaceOrientationLandscapeLeft UIInterfaceOrientationLandscapeRight";
				INFOPLIST_KEY_UISupportedInterfaceOrientations_iPhone = "UIInterfaceOrientationPortrait UIInterfaceOrientationLandscapeLeft UIInterfaceOrientationLandscapeRight";
				IPHONEOS_DEPLOYMENT_TARGET = 14.0;
				LD_RUNPATH_SEARCH_PATHS = (
					"$(inherited)",
					"@executable_path/Frameworks",
				);
				MARKETING_VERSION = 1.0;
				PRODUCT_BUNDLE_IDENTIFIER = com.foglar.swiftuichallenge.wetrade;
				PRODUCT_NAME = "$(TARGET_NAME)";
				SWIFT_EMIT_LOC_STRINGS = YES;
				SWIFT_VERSION = 5.0;
				TARGETED_DEVICE_FAMILY = 1;
			};
			name = Release;
		};
/* End XCBuildConfiguration section */

/* Begin XCConfigurationList section */
		B11ADF4227FE508D00EB425D /* Build configuration list for PBXProject "WeTrade" */ = {
			isa = XCConfigurationList;
			buildConfigurations = (
				B11ADF5327FE508F00EB425D /* Debug */,
				B11ADF5427FE508F00EB425D /* Release */,
			);
			defaultConfigurationIsVisible = 0;
			defaultConfigurationName = Release;
		};
		B11ADF5527FE508F00EB425D /* Build configuration list for PBXNativeTarget "WeTrade" */ = {
			isa = XCConfigurationList;
			buildConfigurations = (
				B11ADF5627FE508F00EB425D /* Debug */,
				B11ADF5727FE508F00EB425D /* Release */,
			);
			defaultConfigurationIsVisible = 0;
			defaultConfigurationName = Release;
		};
/* End XCConfigurationList section */
	};
	rootObject = B11ADF3F27FE508D00EB425D /* Project object */;
}
